{
  "name": "plsql-to-markdown",
  "version": "1.0.0",
  "lockfileVersion": 2,
  "requires": true,
  "packages": {
    "": {
      "name": "plsql-to-markdown",
      "version": "1.0.0",
      "hasInstallScript": true,
      "license": "MIT",
      "dependencies": {
        "dox": "^1.0.0",
        "fs-extra": "^11.1.0",
        "handlebars": "^4.7.7",
        "node.extend": "^2.0.2"
      }
    },
    "node_modules/argparse": {
      "version": "2.0.1",
      "resolved": "https://artifactory.boschdevcloud.com/artifactory/api/npm/lab000003-bci-npm-virtual/argparse/-/argparse-2.0.1.tgz",
      "integrity": "sha512-8+9WqebbFzpX9OR+Wa6O29asIogeRMzcGtAINdpMHHyAg10f05aSFVBbcEqGf/PXw1EjAZ+q2/bEBg3DvurK3Q=="
    },
    "node_modules/commander": {
      "version": "9.4.0",
      "resolved": "https://artifactory.boschdevcloud.com/artifactory/api/npm/lab000003-bci-npm-virtual/commander/-/commander-9.4.0.tgz",
      "integrity": "sha512-sRPT+umqkz90UA8M1yqYfnHlZA7fF6nSphDtxeywPZ49ysjxDQybzk13CL+mXekDRG92skbcqCLVovuCusNmFw==",
      "engines": {
        "node": "^12.20.0 || >=14"
      }
    },
    "node_modules/dox": {
      "version": "1.0.0",
      "resolved": "https://artifactory.boschdevcloud.com/artifactory/api/npm/lab000003-bci-npm-virtual/dox/-/dox-1.0.0.tgz",
      "integrity": "sha512-y0borLgGiqcXigOItzeBvWEPtZ5tkKMZ7MTa/9xhVCUz6sU1quXTTvbJGOLFZAu/4/nlj2Ui02A/tLqQFBXo+w==",
      "dependencies": {
        "commander": "9.4.0",
        "jsdoctypeparser": "^9.0.0",
        "markdown-it": "13.0.1"
      },
      "bin": {
        "dox": "bin/dox"
      }
    },
    "node_modules/entities": {
      "version": "3.0.1",
      "resolved": "https://artifactory.boschdevcloud.com/artifactory/api/npm/lab000003-bci-npm-virtual/entities/-/entities-3.0.1.tgz",
      "integrity": "sha512-WiyBqoomrwMdFG1e0kqvASYfnlb0lp8M5o5Fw2OFq1hNZxxcNk8Ik0Xm7LxzBhuidnZB/UtBqVCgUz3kBOP51Q==",
      "engines": {
        "node": ">=0.12"
      }
    },
    "node_modules/fs-extra": {
      "version": "11.1.0",
      "resolved": "https://artifactory.boschdevcloud.com/artifactory/api/npm/lab000003-bci-npm-virtual/fs-extra/-/fs-extra-11.1.0.tgz",
      "integrity": "sha512-0rcTq621PD5jM/e0a3EJoGC/1TC5ZBCERW82LQuwfGnCa1V8w7dpYH1yNu+SLb6E5dkeCBzKEyLGlFrnr+dUyw==",
      "dependencies": {
        "graceful-fs": "^4.2.0",
        "jsonfile": "^6.0.1",
        "universalify": "^2.0.0"
      },
      "engines": {
        "node": ">=14.14"
      }
    },
    "node_modules/function-bind": {
      "version": "1.1.1",
      "resolved": "https://artifactory.boschdevcloud.com/artifactory/api/npm/lab000003-bci-npm-virtual/function-bind/-/function-bind-1.1.1.tgz",
      "integrity": "sha512-yIovAzMX49sF8Yl58fSCWJ5svSLuaibPxXQJFLmBObTuCr0Mf1KiPopGM9NiFjiYBCbfaa2Fh6breQ6ANVTI0A=="
    },
    "node_modules/graceful-fs": {
      "version": "4.2.11",
      "resolved": "https://artifactory.boschdevcloud.com/artifactory/api/npm/lab000003-bci-npm-virtual/graceful-fs/-/graceful-fs-4.2.11.tgz",
      "integrity": "sha512-RbJ5/jmFcNNCcDV5o9eTnBLJ/HszWV0P73bc+Ff4nS/rJj+YaS6IGyiOL0VoBYX+l1Wrl3k63h/KrH+nhJ0XvQ=="
    },
    "node_modules/handlebars": {
      "version": "4.7.7",
      "resolved": "https://artifactory.boschdevcloud.com/artifactory/api/npm/lab000003-bci-npm-virtual/handlebars/-/handlebars-4.7.7.tgz",
      "integrity": "sha512-aAcXm5OAfE/8IXkcZvCepKU3VzW1/39Fb5ZuqMtgI/hT8X2YgoMvBY5dLhq/cpOvw7Lk1nK/UF71aLG/ZnVYRA==",
      "dependencies": {
        "minimist": "^1.2.5",
        "neo-async": "^2.6.0",
        "source-map": "^0.6.1",
        "wordwrap": "^1.0.0"
      },
      "bin": {
        "handlebars": "bin/handlebars"
      },
      "engines": {
        "node": ">=0.4.7"
      },
      "optionalDependencies": {
        "uglify-js": "^3.1.4"
      }
    },
    "node_modules/has": {
      "version": "1.0.3",
      "resolved": "https://artifactory.boschdevcloud.com/artifactory/api/npm/lab000003-bci-npm-virtual/has/-/has-1.0.3.tgz",
      "integrity": "sha512-f2dvO0VU6Oej7RkWJGrehjbzMAjFp5/VKPp5tTpWIV4JHHZK1/BxbFRtf/siA2SWTe09caDmVtYYzWEIbBS4zw==",
      "dependencies": {
        "function-bind": "^1.1.1"
      },
      "engines": {
        "node": ">= 0.4.0"
      }
    },
    "node_modules/is": {
      "version": "3.3.0",
      "resolved": "https://artifactory.boschdevcloud.com/artifactory/api/npm/lab000003-bci-npm-virtual/is/-/is-3.3.0.tgz",
      "integrity": "sha512-nW24QBoPcFGGHJGUwnfpI7Yc5CdqWNdsyHQszVE/z2pKHXzh7FZ5GWhJqSyaQ9wMkQnsTx+kAI8bHlCX4tKdbg==",
      "engines": {
        "node": "*"
      }
    },
    "node_modules/jsdoctypeparser": {
      "version": "9.0.0",
      "resolved": "https://artifactory.boschdevcloud.com/artifactory/api/npm/lab000003-bci-npm-virtual/jsdoctypeparser/-/jsdoctypeparser-9.0.0.tgz",
      "integrity": "sha512-jrTA2jJIL6/DAEILBEh2/w9QxCuwmvNXIry39Ay/HVfhE3o2yVV0U44blYkqdHA/OKloJEqvJy0xU+GSdE2SIw==",
      "bin": {
        "jsdoctypeparser": "bin/jsdoctypeparser"
      },
      "engines": {
        "node": ">=10"
      }
    },
    "node_modules/jsonfile": {
      "version": "6.1.0",
      "resolved": "https://artifactory.boschdevcloud.com/artifactory/api/npm/lab000003-bci-npm-virtual/jsonfile/-/jsonfile-6.1.0.tgz",
      "integrity": "sha512-5dgndWOriYSm5cnYaJNhalLNDKOqFwyDB/rr1E9ZsGciGvKPs8R2xYGCacuf3z6K1YKDz182fd+fY3cn3pMqXQ==",
      "dependencies": {
        "universalify": "^2.0.0"
      },
      "optionalDependencies": {
        "graceful-fs": "^4.1.6"
      }
    },
    "node_modules/linkify-it": {
      "version": "4.0.1",
      "resolved": "https://artifactory.boschdevcloud.com/artifactory/api/npm/lab000003-bci-npm-virtual/linkify-it/-/linkify-it-4.0.1.tgz",
      "integrity": "sha512-C7bfi1UZmoj8+PQx22XyeXCuBlokoyWQL5pWSP+EI6nzRylyThouddufc2c1NDIcP9k5agmN9fLpA7VNJfIiqw==",
      "dependencies": {
        "uc.micro": "^1.0.1"
      }
    },
    "node_modules/markdown-it": {
      "version": "13.0.1",
      "resolved": "https://artifactory.boschdevcloud.com/artifactory/api/npm/lab000003-bci-npm-virtual/markdown-it/-/markdown-it-13.0.1.tgz",
      "integrity": "sha512-lTlxriVoy2criHP0JKRhO2VDG9c2ypWCsT237eDiLqi09rmbKoUetyGHq2uOIRoRS//kfoJckS0eUzzkDR+k2Q==",
      "dependencies": {
        "argparse": "^2.0.1",
        "entities": "~3.0.1",
        "linkify-it": "^4.0.1",
        "mdurl": "^1.0.1",
        "uc.micro": "^1.0.5"
      },
      "bin": {
        "markdown-it": "bin/markdown-it.js"
      }
    },
    "node_modules/mdurl": {
      "version": "1.0.1",
      "resolved": "https://artifactory.boschdevcloud.com/artifactory/api/npm/lab000003-bci-npm-virtual/mdurl/-/mdurl-1.0.1.tgz",
      "integrity": "sha512-/sKlQJCBYVY9Ers9hqzKou4H6V5UWc/M59TH2dvkt+84itfnq7uFOMLpOiOS4ujvHP4etln18fmIxA5R5fll0g=="
    },
    "node_modules/minimist": {
      "version": "1.2.8",
      "resolved": "https://artifactory.boschdevcloud.com/artifactory/api/npm/lab000003-bci-npm-virtual/minimist/-/minimist-1.2.8.tgz",
      "integrity": "sha512-2yyAR8qBkN3YuheJanUpWC5U3bb5osDywNB8RzDVlDwDHbocAJveqqj1u8+SVD7jkWT4yvsHCpWqqWqAxb0zCA=="
    },
    "node_modules/neo-async": {
      "version": "2.6.2",
      "resolved": "https://artifactory.boschdevcloud.com/artifactory/api/npm/lab000003-bci-npm-virtual/neo-async/-/neo-async-2.6.2.tgz",
      "integrity": "sha512-Yd3UES5mWCSqR+qNT93S3UoYUkqAZ9lLg8a7g9rimsWmYGK8cVToA4/sF3RrshdyV3sAGMXVUmpMYOw+dLpOuw=="
    },
    "node_modules/node.extend": {
      "version": "2.0.2",
      "resolved": "https://artifactory.boschdevcloud.com/artifactory/api/npm/lab000003-bci-npm-virtual/node.extend/-/node.extend-2.0.2.tgz",
      "integrity": "sha512-pDT4Dchl94/+kkgdwyS2PauDFjZG0Hk0IcHIB+LkW27HLDtdoeMxHTxZh39DYbPP8UflWXWj9JcdDozF+YDOpQ==",
      "dependencies": {
        "has": "^1.0.3",
        "is": "^3.2.1"
      },
      "engines": {
        "node": ">=0.4.0"
      }
    },
    "node_modules/source-map": {
      "version": "0.6.1",
      "resolved": "https://artifactory.boschdevcloud.com/artifactory/api/npm/lab000003-bci-npm-virtual/source-map/-/source-map-0.6.1.tgz",
      "integrity": "sha512-UjgapumWlbMhkBgzT7Ykc5YXUT46F0iKu8SGXq0bcwP5dz/h0Plj6enJqjz1Zbq2l5WaqYnrVbwWOWMyF3F47g==",
      "engines": {
        "node": ">=0.10.0"
      }
    },
    "node_modules/uc.micro": {
      "version": "1.0.6",
      "resolved": "https://artifactory.boschdevcloud.com/artifactory/api/npm/lab000003-bci-npm-virtual/uc.micro/-/uc.micro-1.0.6.tgz",
      "integrity": "sha512-8Y75pvTYkLJW2hWQHXxoqRgV7qb9B+9vFEtidML+7koHUFapnVJAZ6cKs+Qjz5Aw3aZWHMC6u0wJE3At+nSGwA=="
    },
    "node_modules/uglify-js": {
      "version": "3.17.4",
      "resolved": "https://artifactory.boschdevcloud.com/artifactory/api/npm/lab000003-bci-npm-virtual/uglify-js/-/uglify-js-3.17.4.tgz",
      "integrity": "sha512-T9q82TJI9e/C1TAxYvfb16xO120tMVFZrGA3f9/P4424DNu6ypK103y0GPFVa17yotwSyZW5iYXgjYHkGrJW/g==",
      "optional": true,
      "bin": {
        "uglifyjs": "bin/uglifyjs"
      },
      "engines": {
        "node": ">=0.8.0"
      }
    },
    "node_modules/universalify": {
      "version": "2.0.0",
      "resolved": "https://artifactory.boschdevcloud.com/artifactory/api/npm/lab000003-bci-npm-virtual/universalify/-/universalify-2.0.0.tgz",
      "integrity": "sha512-hAZsKq7Yy11Zu1DE0OzWjw7nnLZmJZYTDZZyEFHZdUhV8FkH5MCfoU1XMaxXovpyW5nq5scPqq0ZDP9Zyl04oQ==",
      "engines": {
        "node": ">= 10.0.0"
      }
    },
    "node_modules/wordwrap": {
      "version": "1.0.0",
      "resolved": "https://artifactory.boschdevcloud.com/artifactory/api/npm/lab000003-bci-npm-virtual/wordwrap/-/wordwrap-1.0.0.tgz",
      "integrity": "sha512-gvVzJFlPycKc5dZN4yPkP8w7Dc37BtP1yczEneOb4uq34pXZcvrtRTmWV8W+Ume+XCxKgbjM+nevkyFPMybd4Q=="
    }
  },
  "dependencies": {
    "argparse": {
      "version": "2.0.1",
      "resolved": "https://artifactory.boschdevcloud.com/artifactory/api/npm/lab000003-bci-npm-virtual/argparse/-/argparse-2.0.1.tgz",
      "integrity": "sha512-8+9WqebbFzpX9OR+Wa6O29asIogeRMzcGtAINdpMHHyAg10f05aSFVBbcEqGf/PXw1EjAZ+q2/bEBg3DvurK3Q=="
    },
    "commander": {
      "version": "9.4.0",
      "resolved": "https://artifactory.boschdevcloud.com/artifactory/api/npm/lab000003-bci-npm-virtual/commander/-/commander-9.4.0.tgz",
      "integrity": "sha512-sRPT+umqkz90UA8M1yqYfnHlZA7fF6nSphDtxeywPZ49ysjxDQybzk13CL+mXekDRG92skbcqCLVovuCusNmFw=="
    },
    "dox": {
      "version": "1.0.0",
      "resolved": "https://artifactory.boschdevcloud.com/artifactory/api/npm/lab000003-bci-npm-virtual/dox/-/dox-1.0.0.tgz",
      "integrity": "sha512-y0borLgGiqcXigOItzeBvWEPtZ5tkKMZ7MTa/9xhVCUz6sU1quXTTvbJGOLFZAu/4/nlj2Ui02A/tLqQFBXo+w==",
      "requires": {
        "commander": "9.4.0",
        "jsdoctypeparser": "^9.0.0",
        "markdown-it": "13.0.1"
      }
    },
    "entities": {
      "version": "3.0.1",
      "resolved": "https://artifactory.boschdevcloud.com/artifactory/api/npm/lab000003-bci-npm-virtual/entities/-/entities-3.0.1.tgz",
      "integrity": "sha512-WiyBqoomrwMdFG1e0kqvASYfnlb0lp8M5o5Fw2OFq1hNZxxcNk8Ik0Xm7LxzBhuidnZB/UtBqVCgUz3kBOP51Q=="
    },
    "fs-extra": {
      "version": "11.1.0",
      "resolved": "https://artifactory.boschdevcloud.com/artifactory/api/npm/lab000003-bci-npm-virtual/fs-extra/-/fs-extra-11.1.0.tgz",
      "integrity": "sha512-0rcTq621PD5jM/e0a3EJoGC/1TC5ZBCERW82LQuwfGnCa1V8w7dpYH1yNu+SLb6E5dkeCBzKEyLGlFrnr+dUyw==",
      "requires": {
        "graceful-fs": "^4.2.0",
        "jsonfile": "^6.0.1",
        "universalify": "^2.0.0"
      }
    },
    "function-bind": {
      "version": "1.1.1",
      "resolved": "https://artifactory.boschdevcloud.com/artifactory/api/npm/lab000003-bci-npm-virtual/function-bind/-/function-bind-1.1.1.tgz",
      "integrity": "sha512-yIovAzMX49sF8Yl58fSCWJ5svSLuaibPxXQJFLmBObTuCr0Mf1KiPopGM9NiFjiYBCbfaa2Fh6breQ6ANVTI0A=="
    },
    "graceful-fs": {
      "version": "4.2.11",
      "resolved": "https://artifactory.boschdevcloud.com/artifactory/api/npm/lab000003-bci-npm-virtual/graceful-fs/-/graceful-fs-4.2.11.tgz",
      "integrity": "sha512-RbJ5/jmFcNNCcDV5o9eTnBLJ/HszWV0P73bc+Ff4nS/rJj+YaS6IGyiOL0VoBYX+l1Wrl3k63h/KrH+nhJ0XvQ=="
    },
    "handlebars": {
      "version": "4.7.7",
      "resolved": "https://artifactory.boschdevcloud.com/artifactory/api/npm/lab000003-bci-npm-virtual/handlebars/-/handlebars-4.7.7.tgz",
      "integrity": "sha512-aAcXm5OAfE/8IXkcZvCepKU3VzW1/39Fb5ZuqMtgI/hT8X2YgoMvBY5dLhq/cpOvw7Lk1nK/UF71aLG/ZnVYRA==",
      "requires": {
        "minimist": "^1.2.5",
        "neo-async": "^2.6.0",
        "source-map": "^0.6.1",
        "uglify-js": "^3.1.4",
        "wordwrap": "^1.0.0"
      }
    },
    "has": {
      "version": "1.0.3",
      "resolved": "https://artifactory.boschdevcloud.com/artifactory/api/npm/lab000003-bci-npm-virtual/has/-/has-1.0.3.tgz",
      "integrity": "sha512-f2dvO0VU6Oej7RkWJGrehjbzMAjFp5/VKPp5tTpWIV4JHHZK1/BxbFRtf/siA2SWTe09caDmVtYYzWEIbBS4zw==",
      "requires": {
        "function-bind": "^1.1.1"
      }
    },
    "is": {
      "version": "3.3.0",
      "resolved": "https://artifactory.boschdevcloud.com/artifactory/api/npm/lab000003-bci-npm-virtual/is/-/is-3.3.0.tgz",
      "integrity": "sha512-nW24QBoPcFGGHJGUwnfpI7Yc5CdqWNdsyHQszVE/z2pKHXzh7FZ5GWhJqSyaQ9wMkQnsTx+kAI8bHlCX4tKdbg=="
    },
    "jsdoctypeparser": {
      "version": "9.0.0",
      "resolved": "https://artifactory.boschdevcloud.com/artifactory/api/npm/lab000003-bci-npm-virtual/jsdoctypeparser/-/jsdoctypeparser-9.0.0.tgz",
      "integrity": "sha512-jrTA2jJIL6/DAEILBEh2/w9QxCuwmvNXIry39Ay/HVfhE3o2yVV0U44blYkqdHA/OKloJEqvJy0xU+GSdE2SIw=="
    },
    "jsonfile": {
      "version": "6.1.0",
      "resolved": "https://artifactory.boschdevcloud.com/artifactory/api/npm/lab000003-bci-npm-virtual/jsonfile/-/jsonfile-6.1.0.tgz",
      "integrity": "sha512-5dgndWOriYSm5cnYaJNhalLNDKOqFwyDB/rr1E9ZsGciGvKPs8R2xYGCacuf3z6K1YKDz182fd+fY3cn3pMqXQ==",
      "requires": {
        "graceful-fs": "^4.1.6",
        "universalify": "^2.0.0"
      }
    },
    "linkify-it": {
      "version": "4.0.1",
      "resolved": "https://artifactory.boschdevcloud.com/artifactory/api/npm/lab000003-bci-npm-virtual/linkify-it/-/linkify-it-4.0.1.tgz",
      "integrity": "sha512-C7bfi1UZmoj8+PQx22XyeXCuBlokoyWQL5pWSP+EI6nzRylyThouddufc2c1NDIcP9k5agmN9fLpA7VNJfIiqw==",
      "requires": {
        "uc.micro": "^1.0.1"
      }
    },
    "markdown-it": {
      "version": "13.0.1",
      "resolved": "https://artifactory.boschdevcloud.com/artifactory/api/npm/lab000003-bci-npm-virtual/markdown-it/-/markdown-it-13.0.1.tgz",
      "integrity": "sha512-lTlxriVoy2criHP0JKRhO2VDG9c2ypWCsT237eDiLqi09rmbKoUetyGHq2uOIRoRS//kfoJckS0eUzzkDR+k2Q==",
      "requires": {
        "argparse": "^2.0.1",
        "entities": "~3.0.1",
        "linkify-it": "^4.0.1",
        "mdurl": "^1.0.1",
        "uc.micro": "^1.0.5"
      }
    },
    "mdurl": {
      "version": "1.0.1",
      "resolved": "https://artifactory.boschdevcloud.com/artifactory/api/npm/lab000003-bci-npm-virtual/mdurl/-/mdurl-1.0.1.tgz",
      "integrity": "sha512-/sKlQJCBYVY9Ers9hqzKou4H6V5UWc/M59TH2dvkt+84itfnq7uFOMLpOiOS4ujvHP4etln18fmIxA5R5fll0g=="
    },
    "minimist": {
      "version": "1.2.8",
      "resolved": "https://artifactory.boschdevcloud.com/artifactory/api/npm/lab000003-bci-npm-virtual/minimist/-/minimist-1.2.8.tgz",
      "integrity": "sha512-2yyAR8qBkN3YuheJanUpWC5U3bb5osDywNB8RzDVlDwDHbocAJveqqj1u8+SVD7jkWT4yvsHCpWqqWqAxb0zCA=="
    },
    "neo-async": {
      "version": "2.6.2",
      "resolved": "https://artifactory.boschdevcloud.com/artifactory/api/npm/lab000003-bci-npm-virtual/neo-async/-/neo-async-2.6.2.tgz",
      "integrity": "sha512-Yd3UES5mWCSqR+qNT93S3UoYUkqAZ9lLg8a7g9rimsWmYGK8cVToA4/sF3RrshdyV3sAGMXVUmpMYOw+dLpOuw=="
    },
    "node.extend": {
      "version": "2.0.2",
      "resolved": "https://artifactory.boschdevcloud.com/artifactory/api/npm/lab000003-bci-npm-virtual/node.extend/-/node.extend-2.0.2.tgz",
      "integrity": "sha512-pDT4Dchl94/+kkgdwyS2PauDFjZG0Hk0IcHIB+LkW27HLDtdoeMxHTxZh39DYbPP8UflWXWj9JcdDozF+YDOpQ==",
      "requires": {
        "has": "^1.0.3",
        "is": "^3.2.1"
      }
    },
    "source-map": {
      "version": "0.6.1",
      "resolved": "https://artifactory.boschdevcloud.com/artifactory/api/npm/lab000003-bci-npm-virtual/source-map/-/source-map-0.6.1.tgz",
      "integrity": "sha512-UjgapumWlbMhkBgzT7Ykc5YXUT46F0iKu8SGXq0bcwP5dz/h0Plj6enJqjz1Zbq2l5WaqYnrVbwWOWMyF3F47g=="
    },
    "uc.micro": {
      "version": "1.0.6",
      "resolved": "https://artifactory.boschdevcloud.com/artifactory/api/npm/lab000003-bci-npm-virtual/uc.micro/-/uc.micro-1.0.6.tgz",
      "integrity": "sha512-8Y75pvTYkLJW2hWQHXxoqRgV7qb9B+9vFEtidML+7koHUFapnVJAZ6cKs+Qjz5Aw3aZWHMC6u0wJE3At+nSGwA=="
    },
    "uglify-js": {
      "version": "3.17.4",
      "resolved": "https://artifactory.boschdevcloud.com/artifactory/api/npm/lab000003-bci-npm-virtual/uglify-js/-/uglify-js-3.17.4.tgz",
      "integrity": "sha512-T9q82TJI9e/C1TAxYvfb16xO120tMVFZrGA3f9/P4424DNu6ypK103y0GPFVa17yotwSyZW5iYXgjYHkGrJW/g==",
      "optional": true
    },
    "universalify": {
      "version": "2.0.0",
      "resolved": "https://artifactory.boschdevcloud.com/artifactory/api/npm/lab000003-bci-npm-virtual/universalify/-/universalify-2.0.0.tgz",
      "integrity": "sha512-hAZsKq7Yy11Zu1DE0OzWjw7nnLZmJZYTDZZyEFHZdUhV8FkH5MCfoU1XMaxXovpyW5nq5scPqq0ZDP9Zyl04oQ=="
    },
    "wordwrap": {
      "version": "1.0.0",
      "resolved": "https://artifactory.boschdevcloud.com/artifactory/api/npm/lab000003-bci-npm-virtual/wordwrap/-/wordwrap-1.0.0.tgz",
      "integrity": "sha512-gvVzJFlPycKc5dZN4yPkP8w7Dc37BtP1yczEneOb4uq34pXZcvrtRTmWV8W+Ume+XCxKgbjM+nevkyFPMybd4Q=="
    }
  }
}
